
Microsoft Visual Studio Solution File, Format Version 12.00
# Visual Studio Version 17
VisualStudioVersion = 17.9.34607.119
MinimumVisualStudioVersion = 10.0.40219.1
Project("{9A19103F-16F7-4668-BE54-9A1E7A4F7556}") = "ShapeAreaCalculator", "ShapeAreaCalculator\ShapeAreaCalculator.csproj", "{DFB5E5BF-70BF-416D-ACB3-08E8829044CF}"
EndProject
Project("{9A19103F-16F7-4668-BE54-9A1E7A4F7556}") = "ShapeAreaCalculator.Backend", "ShapeAreaCalculator.Backend\ShapeAreaCalculator.Backend.csproj", "{33AA3695-7E47-4662-ACF7-1A6F3E3785D9}"
EndProject
Project("{9A19103F-16F7-4668-BE54-9A1E7A4F7556}") = "ShapeAreaCalculator.Common", "ShapeAreaCalculator.Common\ShapeAreaCalculator.Common.csproj", "{1B647404-3866-4AE6-95E7-CD4F3439ED85}"
EndProject
Project("{FAE04EC0-301F-11D3-BF4B-00C04F79EFBC}") = "ShapeAreaCalculator.Tests", "ShapeAreaCalculator.Tests\ShapeAreaCalculator.Tests.csproj", "{8FDC007F-12CC-47F7-B0F2-768208E95DB5}"
EndProject
Global
	GlobalSection(SolutionConfigurationPlatforms) = preSolution
		Debug|Any CPU = Debug|Any CPU
		Release|Any CPU = Release|Any CPU
	EndGlobalSection
	GlobalSection(ProjectConfigurationPlatforms) = postSolution
		{DFB5E5BF-70BF-416D-ACB3-08E8829044CF}.Debug|Any CPU.ActiveCfg = Debug|Any CPU
		{DFB5E5BF-70BF-416D-ACB3-08E8829044CF}.Debug|Any CPU.Build.0 = Debug|Any CPU
		{DFB5E5BF-70BF-416D-ACB3-08E8829044CF}.Release|Any CPU.ActiveCfg = Release|Any CPU
		{DFB5E5BF-70BF-416D-ACB3-08E8829044CF}.Release|Any CPU.Build.0 = Release|Any CPU
		{33AA3695-7E47-4662-ACF7-1A6F3E3785D9}.Debug|Any CPU.ActiveCfg = Debug|Any CPU
		{33AA3695-7E47-4662-ACF7-1A6F3E3785D9}.Debug|Any CPU.Build.0 = Debug|Any CPU
		{33AA3695-7E47-4662-ACF7-1A6F3E3785D9}.Release|Any CPU.ActiveCfg = Release|Any CPU
		{33AA3695-7E47-4662-ACF7-1A6F3E3785D9}.Release|Any CPU.Build.0 = Release|Any CPU
		{1B647404-3866-4AE6-95E7-CD4F3439ED85}.Debug|Any CPU.ActiveCfg = Debug|Any CPU
		{1B647404-3866-4AE6-95E7-CD4F3439ED85}.Debug|Any CPU.Build.0 = Debug|Any CPU
		{1B647404-3866-4AE6-95E7-CD4F3439ED85}.Release|Any CPU.ActiveCfg = Release|Any CPU
		{1B647404-3866-4AE6-95E7-CD4F3439ED85}.Release|Any CPU.Build.0 = Release|Any CPU
		{8FDC007F-12CC-47F7-B0F2-768208E95DB5}.Debug|Any CPU.ActiveCfg = Debug|Any CPU
		{8FDC007F-12CC-47F7-B0F2-768208E95DB5}.Debug|Any CPU.Build.0 = Debug|Any CPU
		{8FDC007F-12CC-47F7-B0F2-768208E95DB5}.Release|Any CPU.ActiveCfg = Release|Any CPU
		{8FDC007F-12CC-47F7-B0F2-768208E95DB5}.Release|Any CPU.Build.0 = Release|Any CPU
	EndGlobalSection
	GlobalSection(SolutionProperties) = preSolution
		HideSolutionNode = FALSE
	EndGlobalSection
	GlobalSection(ExtensibilityGlobals) = postSolution
		SolutionGuid = {4F489232-EAD2-4AD9-9F03-FA3D7376B02B}
	EndGlobalSection
EndGlobal
